// !$*UTF8*$!
{
	archiveVersion = 1;
	classes = {
	};
	objectVersion = 46;
	objects = {

/* Begin PBXBuildFile section */
		C4AB57E01F64DB130002F9C9 /* AppDelegate.swift in Sources */ = {isa = PBXBuildFile; fileRef = C4AB57DF1F64DB130002F9C9 /* AppDelegate.swift */; };
		C4AB57E21F64DB130002F9C9 /* ViewController.swift in Sources */ = {isa = PBXBuildFile; fileRef = C4AB57E11F64DB130002F9C9 /* ViewController.swift */; };
		C4AB57E51F64DB130002F9C9 /* Main.storyboard in Resources */ = {isa = PBXBuildFile; fileRef = C4AB57E31F64DB130002F9C9 /* Main.storyboard */; };
		C4AB57E71F64DB130002F9C9 /* Assets.xcassets in Resources */ = {isa = PBXBuildFile; fileRef = C4AB57E61F64DB130002F9C9 /* Assets.xcassets */; };
		C4AB57EA1F64DB130002F9C9 /* LaunchScreen.storyboard in Resources */ = {isa = PBXBuildFile; fileRef = C4AB57E81F64DB130002F9C9 /* LaunchScreen.storyboard */; };
		C4AB57F41F64E0A10002F9C9 /* ic_save_2x.png in Resources */ = {isa = PBXBuildFile; fileRef = C4AB57F11F64E0A10002F9C9 /* ic_save_2x.png */; };
		C4AB57F51F64E0A10002F9C9 /* ic_save_3x.png in Resources */ = {isa = PBXBuildFile; fileRef = C4AB57F21F64E0A10002F9C9 /* ic_save_3x.png */; };
		C4AB57F61F64E0A10002F9C9 /* ic_save.png in Resources */ = {isa = PBXBuildFile; fileRef = C4AB57F31F64E0A10002F9C9 /* ic_save.png */; };
		C4AB57F81F64E2780002F9C9 /* tobias-van-schneider-230167.jpg in Resources */ = {isa = PBXBuildFile; fileRef = C4AB57F71F64E2780002F9C9 /* tobias-van-schneider-230167.jpg */; };
		C4AB57FA1F64FA940002F9C9 /* MyClass.swift in Sources */ = {isa = PBXBuildFile; fileRef = C4AB57F91F64FA940002F9C9 /* MyClass.swift */; };
		C4AB57FC1F6509C30002F9C9 /* if_3_2509369.png in Resources */ = {isa = PBXBuildFile; fileRef = C4AB57FB1F6509C30002F9C9 /* if_3_2509369.png */; };
		C4AB57FE1F65101D0002F9C9 /* TimerViewController.swift in Sources */ = {isa = PBXBuildFile; fileRef = C4AB57FD1F65101D0002F9C9 /* TimerViewController.swift */; };
		C4AB58021F6514BB0002F9C9 /* ic_keyboard_arrow_left_2x.png in Resources */ = {isa = PBXBuildFile; fileRef = C4AB57FF1F6514BB0002F9C9 /* ic_keyboard_arrow_left_2x.png */; };
		C4AB58031F6514BB0002F9C9 /* ic_keyboard_arrow_left_3x.png in Resources */ = {isa = PBXBuildFile; fileRef = C4AB58001F6514BB0002F9C9 /* ic_keyboard_arrow_left_3x.png */; };
		C4AB58041F6514BB0002F9C9 /* ic_keyboard_arrow_left.png in Resources */ = {isa = PBXBuildFile; fileRef = C4AB58011F6514BB0002F9C9 /* ic_keyboard_arrow_left.png */; };
		C4AB58061F65236F0002F9C9 /* ShowOneViewController.swift in Sources */ = {isa = PBXBuildFile; fileRef = C4AB58051F65236F0002F9C9 /* ShowOneViewController.swift */; };
		C4AB58081F65295C0002F9C9 /* MyConstant.swift in Sources */ = {isa = PBXBuildFile; fileRef = C4AB58071F65295C0002F9C9 /* MyConstant.swift */; };
/* End PBXBuildFile section */

/* Begin PBXFileReference section */
		C4AB57DC1F64DB130002F9C9 /* Funny Number 10Sep.app */ = {isa = PBXFileReference; explicitFileType = wrapper.application; includeInIndex = 0; path = "Funny Number 10Sep.app"; sourceTree = BUILT_PRODUCTS_DIR; };
		C4AB57DF1F64DB130002F9C9 /* AppDelegate.swift */ = {isa = PBXFileReference; lastKnownFileType = sourcecode.swift; path = AppDelegate.swift; sourceTree = "<group>"; };
		C4AB57E11F64DB130002F9C9 /* ViewController.swift */ = {isa = PBXFileReference; lastKnownFileType = sourcecode.swift; path = ViewController.swift; sourceTree = "<group>"; };
		C4AB57E41F64DB130002F9C9 /* Base */ = {isa = PBXFileReference; lastKnownFileType = file.storyboard; name = Base; path = Base.lproj/Main.storyboard; sourceTree = "<group>"; };
		C4AB57E61F64DB130002F9C9 /* Assets.xcassets */ = {isa = PBXFileReference; lastKnownFileType = folder.assetcatalog; path = Assets.xcassets; sourceTree = "<group>"; };
		C4AB57E91F64DB130002F9C9 /* Base */ = {isa = PBXFileReference; lastKnownFileType = file.storyboard; name = Base; path = Base.lproj/LaunchScreen.storyboard; sourceTree = "<group>"; };
		C4AB57EB1F64DB130002F9C9 /* Info.plist */ = {isa = PBXFileReference; lastKnownFileType = text.plist.xml; path = Info.plist; sourceTree = "<group>"; };
		C4AB57F11F64E0A10002F9C9 /* ic_save_2x.png */ = {isa = PBXFileReference; lastKnownFileType = image.png; path = ic_save_2x.png; sourceTree = "<group>"; };
		C4AB57F21F64E0A10002F9C9 /* ic_save_3x.png */ = {isa = PBXFileReference; lastKnownFileType = image.png; path = ic_save_3x.png; sourceTree = "<group>"; };
		C4AB57F31F64E0A10002F9C9 /* ic_save.png */ = {isa = PBXFileReference; lastKnownFileType = image.png; path = ic_save.png; sourceTree = "<group>"; };
		C4AB57F71F64E2780002F9C9 /* tobias-van-schneider-230167.jpg */ = {isa = PBXFileReference; lastKnownFileType = image.jpeg; path = "tobias-van-schneider-230167.jpg"; sourceTree = "<group>"; };
		C4AB57F91F64FA940002F9C9 /* MyClass.swift */ = {isa = PBXFileReference; fileEncoding = 4; lastKnownFileType = sourcecode.swift; path = MyClass.swift; sourceTree = "<group>"; };
		C4AB57FB1F6509C30002F9C9 /* if_3_2509369.png */ = {isa = PBXFileReference; lastKnownFileType = image.png; path = if_3_2509369.png; sourceTree = "<group>"; };
		C4AB57FD1F65101D0002F9C9 /* TimerViewController.swift */ = {isa = PBXFileReference; fileEncoding = 4; lastKnownFileType = sourcecode.swift; path = TimerViewController.swift; sourceTree = "<group>"; };
		C4AB57FF1F6514BB0002F9C9 /* ic_keyboard_arrow_left_2x.png */ = {isa = PBXFileReference; lastKnownFileType = image.png; path = ic_keyboard_arrow_left_2x.png; sourceTree = "<group>"; };
		C4AB58001F6514BB0002F9C9 /* ic_keyboard_arrow_left_3x.png */ = {isa = PBXFileReference; lastKnownFileType = image.png; path = ic_keyboard_arrow_left_3x.png; sourceTree = "<group>"; };
		C4AB58011F6514BB0002F9C9 /* ic_keyboard_arrow_left.png */ = {isa = PBXFileReference; lastKnownFileType = image.png; path = ic_keyboard_arrow_left.png; sourceTree = "<group>"; };
		C4AB58051F65236F0002F9C9 /* ShowOneViewController.swift */ = {isa = PBXFileReference; fileEncoding = 4; lastKnownFileType = sourcecode.swift; path = ShowOneViewController.swift; sourceTree = "<group>"; };
		C4AB58071F65295C0002F9C9 /* MyConstant.swift */ = {isa = PBXFileReference; fileEncoding = 4; lastKnownFileType = sourcecode.swift; path = MyConstant.swift; sourceTree = "<group>"; };
/* End PBXFileReference section */

/* Begin PBXFrameworksBuildPhase section */
		C4AB57D91F64DB130002F9C9 /* Frameworks */ = {
			isa = PBXFrameworksBuildPhase;
			buildActionMask = 2147483647;
			files = (
			);
			runOnlyForDeploymentPostprocessing = 0;
		};
/* End PBXFrameworksBuildPhase section */

/* Begin PBXGroup section */
		C4AB57D31F64DB130002F9C9 = {
			isa = PBXGroup;
			children = (
				C4AB57DE1F64DB130002F9C9 /* Funny Number 10Sep */,
				C4AB57DD1F64DB130002F9C9 /* Products */,
			);
			sourceTree = "<group>";
		};
		C4AB57DD1F64DB130002F9C9 /* Products */ = {
			isa = PBXGroup;
			children = (
				C4AB57DC1F64DB130002F9C9 /* Funny Number 10Sep.app */,
			);
			name = Products;
			sourceTree = "<group>";
		};
		C4AB57DE1F64DB130002F9C9 /* Funny Number 10Sep */ = {
			isa = PBXGroup;
			children = (
				C4AB57DF1F64DB130002F9C9 /* AppDelegate.swift */,
				C4AB57F11F64E0A10002F9C9 /* ic_save_2x.png */,
				C4AB57FB1F6509C30002F9C9 /* if_3_2509369.png */,
				C4AB57F21F64E0A10002F9C9 /* ic_save_3x.png */,
				C4AB57FF1F6514BB0002F9C9 /* ic_keyboard_arrow_left_2x.png */,
				C4AB58001F6514BB0002F9C9 /* ic_keyboard_arrow_left_3x.png */,
				C4AB58011F6514BB0002F9C9 /* ic_keyboard_arrow_left.png */,
				C4AB57F71F64E2780002F9C9 /* tobias-van-schneider-230167.jpg */,
				C4AB57F31F64E0A10002F9C9 /* ic_save.png */,
				C4AB57E11F64DB130002F9C9 /* ViewController.swift */,
				C4AB57E31F64DB130002F9C9 /* Main.storyboard */,
				C4AB57E61F64DB130002F9C9 /* Assets.xcassets */,
				C4AB57E81F64DB130002F9C9 /* LaunchScreen.storyboard */,
				C4AB57EB1F64DB130002F9C9 /* Info.plist */,
				C4AB57F91F64FA940002F9C9 /* MyClass.swift */,
				C4AB57FD1F65101D0002F9C9 /* TimerViewController.swift */,
				C4AB58051F65236F0002F9C9 /* ShowOneViewController.swift */,
				C4AB58071F65295C0002F9C9 /* MyConstant.swift */,
			);
			path = "Funny Number 10Sep";
			sourceTree = "<group>";
		};
/* End PBXGroup section */

/* Begin PBXNativeTarget section */
		C4AB57DB1F64DB130002F9C9 /* Funny Number 10Sep */ = {
			isa = PBXNativeTarget;
			buildConfigurationList = C4AB57EE1F64DB130002F9C9 /* Build configuration list for PBXNativeTarget "Funny Number 10Sep" */;
			buildPhases = (
				C4AB57D81F64DB130002F9C9 /* Sources */,
				C4AB57D91F64DB130002F9C9 /* Frameworks */,
				C4AB57DA1F64DB130002F9C9 /* Resources */,
			);
			buildRules = (
			);
			dependencies = (
			);
			name = "Funny Number 10Sep";
			productName = "Funny Number 10Sep";
			productReference = C4AB57DC1F64DB130002F9C9 /* Funny Number 10Sep.app */;
			productType = "com.apple.product-type.application";
		};
/* End PBXNativeTarget section */

/* Begin PBXProject section */
		C4AB57D41F64DB130002F9C9 /* Project object */ = {
			isa = PBXProject;
			attributes = {
				LastSwiftUpdateCheck = 0830;
				LastUpgradeCheck = 0830;
				ORGANIZATIONNAME = MasterUNG;
				TargetAttributes = {
					C4AB57DB1F64DB130002F9C9 = {
						CreatedOnToolsVersion = 8.3.3;
						ProvisioningStyle = Automatic;
					};
				};
			};
			buildConfigurationList = C4AB57D71F64DB130002F9C9 /* Build configuration list for PBXProject "Funny Number 10Sep" */;
			compatibilityVersion = "Xcode 3.2";
			developmentRegion = English;
			hasScannedForEncodings = 0;
			knownRegions = (
				en,
				Base,
			);
			mainGroup = C4AB57D31F64DB130002F9C9;
			productRefGroup = C4AB57DD1F64DB130002F9C9 /* Products */;
			projectDirPath = "";
			projectRoot = "";
			targets = (
				C4AB57DB1F64DB130002F9C9 /* Funny Number 10Sep */,
			);
		};
/* End PBXProject section */

/* Begin PBXResourcesBuildPhase section */
		C4AB57DA1F64DB130002F9C9 /* Resources */ = {
			isa = PBXResourcesBuildPhase;
			buildActionMask = 2147483647;
			files = (
				C4AB57F51F64E0A10002F9C9 /* ic_save_3x.png in Resources */,
				C4AB57F41F64E0A10002F9C9 /* ic_save_2x.png in Resources */,
				C4AB58031F6514BB0002F9C9 /* ic_keyboard_arrow_left_3x.png in Resources */,
				C4AB57EA1F64DB130002F9C9 /* LaunchScreen.storyboard in Resources */,
				C4AB58021F6514BB0002F9C9 /* ic_keyboard_arrow_left_2x.png in Resources */,
				C4AB57E71F64DB130002F9C9 /* Assets.xcassets in Resources */,
				C4AB58041F6514BB0002F9C9 /* ic_keyboard_arrow_left.png in Resources */,
				C4AB57F81F64E2780002F9C9 /* tobias-van-schneider-230167.jpg in Resources */,
				C4AB57FC1F6509C30002F9C9 /* if_3_2509369.png in Resources */,
				C4AB57F61F64E0A10002F9C9 /* ic_save.png in Resources */,
				C4AB57E51F64DB130002F9C9 /* Main.storyboard in Resources */,
			);
			runOnlyForDeploymentPostprocessing = 0;
		};
/* End PBXResourcesBuildPhase section */

/* Begin PBXSourcesBuildPhase section */
		C4AB57D81F64DB130002F9C9 /* Sources */ = {
			isa = PBXSourcesBuildPhase;
			buildActionMask = 2147483647;
			files = (
				C4AB57FE1F65101D0002F9C9 /* TimerViewController.swift in Sources */,
				C4AB57E21F64DB130002F9C9 /* ViewController.swift in Sources */,
				C4AB57E01F64DB130002F9C9 /* AppDelegate.swift in Sources */,
				C4AB58081F65295C0002F9C9 /* MyConstant.swift in Sources */,
				C4AB58061F65236F0002F9C9 /* ShowOneViewController.swift in Sources */,
				C4AB57FA1F64FA940002F9C9 /* MyClass.swift in Sources */,
			);
			runOnlyForDeploymentPostprocessing = 0;
		};
/* End PBXSourcesBuildPhase section */

/* Begin PBXVariantGroup section */
		C4AB57E31F64DB130002F9C9 /* Main.storyboard */ = {
			isa = PBXVariantGroup;
			children = (
				C4AB57E41F64DB130002F9C9 /* Base */,
			);
			name = Main.storyboard;
			sourceTree = "<group>";
		};
		C4AB57E81F64DB130002F9C9 /* LaunchScreen.storyboard */ = {
			isa = PBXVariantGroup;
			children = (
				C4AB57E91F64DB130002F9C9 /* Base */,
			);
			name = LaunchScreen.storyboard;
			sourceTree = "<group>";
		};
/* End PBXVariantGroup section */

/* Begin XCBuildConfiguration section */
		C4AB57EC1F64DB130002F9C9 /* Debug */ = {
			isa = XCBuildConfiguration;
			buildSettings = {
				ALWAYS_SEARCH_USER_PATHS = NO;
				CLANG_ANALYZER_NONNULL = YES;
				CLANG_ANALYZER_NUMBER_OBJECT_CONVERSION = YES_AGGRESSIVE;
				CLANG_CXX_LANGUAGE_STANDARD = "gnu++0x";
				CLANG_CXX_LIBRARY = "libc++";
				CLANG_ENABLE_MODULES = YES;
				CLANG_ENABLE_OBJC_ARC = YES;
				CLANG_WARN_BOOL_CONVERSION = YES;
				CLANG_WARN_CONSTANT_CONVERSION = YES;
				CLANG_WARN_DIRECT_OBJC_ISA_USAGE = YES_ERROR;
				CLANG_WARN_DOCUMENTATION_COMMENTS = YES;
				CLANG_WARN_EMPTY_BODY = YES;
				CLANG_WARN_ENUM_CONVERSION = YES;
				CLANG_WARN_INFINITE_RECURSION = YES;
				CLANG_WARN_INT_CONVERSION = YES;
				CLANG_WARN_OBJC_ROOT_CLASS = YES_ERROR;
				CLANG_WARN_SUSPICIOUS_MOVE = YES;
				CLANG_WARN_UNREACHABLE_CODE = YES;
				CLANG_WARN__DUPLICATE_METHOD_MATCH = YES;
				"CODE_SIGN_IDENTITY[sdk=iphoneos*]" = "iPhone Developer";
				COPY_PHASE_STRIP = NO;
				DEBUG_INFORMATION_FORMAT = dwarf;
				ENABLE_STRICT_OBJC_MSGSEND = YES;
				ENABLE_TESTABILITY = YES;
				GCC_C_LANGUAGE_STANDARD = gnu99;
				GCC_DYNAMIC_NO_PIC = NO;
				GCC_NO_COMMON_BLOCKS = YES;
				GCC_OPTIMIZATION_LEVEL = 0;
				GCC_PREPROCESSOR_DEFINITIONS = (
					"DEBUG=1",
					"$(inherited)",
				);
				GCC_WARN_64_TO_32_BIT_CONVERSION = YES;
				GCC_WARN_ABOUT_RETURN_TYPE = YES_ERROR;
				GCC_WARN_UNDECLARED_SELECTOR = YES;
				GCC_WARN_UNINITIALIZED_AUTOS = YES_AGGRESSIVE;
				GCC_WARN_UNUSED_FUNCTION = YES;
				GCC_WARN_UNUSED_VARIABLE = YES;
				IPHONEOS_DEPLOYMENT_TARGET = 10.3;
				MTL_ENABLE_DEBUG_INFO = YES;
				ONLY_ACTIVE_ARCH = YES;
				SDKROOT = iphoneos;
				SWIFT_ACTIVE_COMPILATION_CONDITIONS = DEBUG;
				SWIFT_OPTIMIZATION_LEVEL = "-Onone";
				TARGETED_DEVICE_FAMILY = "1,2";
			};
			name = Debug;
		};
		C4AB57ED1F64DB130002F9C9 /* Release */ = {
			isa = XCBuildConfiguration;
			buildSettings = {
				ALWAYS_SEARCH_USER_PATHS = NO;
				CLANG_ANALYZER_NONNULL = YES;
				CLANG_ANALYZER_NUMBER_OBJECT_CONVERSION = YES_AGGRESSIVE;
				CLANG_CXX_LANGUAGE_STANDARD = "gnu++0x";
				CLANG_CXX_LIBRARY = "libc++";
				CLANG_ENABLE_MODULES = YES;
				CLANG_ENABLE_OBJC_ARC = YES;
				CLANG_WARN_BOOL_CONVERSION = YES;
				CLANG_WARN_CONSTANT_CONVERSION = YES;
				CLANG_WARN_DIRECT_OBJC_ISA_USAGE = YES_ERROR;
				CLANG_WARN_DOCUMENTATION_COMMENTS = YES;
				CLANG_WARN_EMPTY_BODY = YES;
				CLANG_WARN_ENUM_CONVERSION = YES;
				CLANG_WARN_INFINITE_RECURSION = YES;
				CLANG_WARN_INT_CONVERSION = YES;
				CLANG_WARN_OBJC_ROOT_CLASS = YES_ERROR;
				CLANG_WARN_SUSPICIOUS_MOVE = YES;
				CLANG_WARN_UNREACHABLE_CODE = YES;
				CLANG_WARN__DUPLICATE_METHOD_MATCH = YES;
				"CODE_SIGN_IDENTITY[sdk=iphoneos*]" = "iPhone Developer";
				COPY_PHASE_STRIP = NO;
				DEBUG_INFORMATION_FORMAT = "dwarf-with-dsym";
				ENABLE_NS_ASSERTIONS = NO;
				ENABLE_STRICT_OBJC_MSGSEND = YES;
				GCC_C_LANGUAGE_STANDARD = gnu99;
				GCC_NO_COMMON_BLOCKS = YES;
				GCC_WARN_64_TO_32_BIT_CONVERSION = YES;
				GCC_WARN_ABOUT_RETURN_TYPE = YES_ERROR;
				GCC_WARN_UNDECLARED_SELECTOR = YES;
				GCC_WARN_UNINITIALIZED_AUTOS = YES_AGGRESSIVE;
				GCC_WARN_UNUSED_FUNCTION = YES;
				GCC_WARN_UNUSED_VARIABLE = YES;
				IPHONEOS_DEPLOYMENT_TARGET = 10.3;
				MTL_ENABLE_DEBUG_INFO = NO;
				SDKROOT = iphoneos;
				SWIFT_OPTIMIZATION_LEVEL = "-Owholemodule";
				TARGETED_DEVICE_FAMILY = "1,2";
				VALIDATE_PRODUCT = YES;
			};
			name = Release;
		};
		C4AB57EF1F64DB130002F9C9 /* Debug */ = {
			isa = XCBuildConfiguration;
			buildSettings = {
				ASSETCATALOG_COMPILER_APPICON_NAME = AppIcon;
				INFOPLIST_FILE = "Funny Number 10Sep/Info.plist";
				LD_RUNPATH_SEARCH_PATHS = "$(inherited) @executable_path/Frameworks";
				PRODUCT_BUNDLE_IDENTIFIER = "app.EWTC.MasterUNG.Funny-Number-10Sep";
				PRODUCT_NAME = "$(TARGET_NAME)";
				SWIFT_VERSION = 3.0;
			};
			name = Debug;
		};
		C4AB57F01F64DB130002F9C9 /* Release */ = {
			isa = XCBuildConfiguration;
			buildSettings = {
				ASSETCATALOG_COMPILER_APPICON_NAME = AppIcon;
				INFOPLIST_FILE = "Funny Number 10Sep/Info.plist";
				LD_RUNPATH_SEARCH_PATHS = "$(inherited) @executable_path/Frameworks";
				PRODUCT_BUNDLE_IDENTIFIER = "app.EWTC.MasterUNG.Funny-Number-10Sep";
				PRODUCT_NAME = "$(TARGET_NAME)";
				SWIFT_VERSION = 3.0;
			};
			name = Release;
		};
/* End XCBuildConfiguration section */

/* Begin XCConfigurationList section */
		C4AB57D71F64DB130002F9C9 /* Build configuration list for PBXProject "Funny Number 10Sep" */ = {
			isa = XCConfigurationList;
			buildConfigurations = (
				C4AB57EC1F64DB130002F9C9 /* Debug */,
				C4AB57ED1F64DB130002F9C9 /* Release */,
			);
			defaultConfigurationIsVisible = 0;
			defaultConfigurationName = Release;
		};
		C4AB57EE1F64DB130002F9C9 /* Build configuration list for PBXNativeTarget "Funny Number 10Sep" */ = {
			isa = XCConfigurationList;
			buildConfigurations = (
				C4AB57EF1F64DB130002F9C9 /* Debug */,
				C4AB57F01F64DB130002F9C9 /* Release */,
			);
			defaultConfigurationIsVisible = 0;
			defaultConfigurationName = Release;
		};
/* End XCConfigurationList section */
	};
	rootObject = C4AB57D41F64DB130002F9C9 /* Project object */;
}
